
Microsoft Visual Studio Solution File, Format Version 12.00
# Visual Studio Version 17
VisualStudioVersion = 17.1.32414.318
MinimumVisualStudioVersion = 10.0.40219.1
Project("{FAE04EC0-301F-11D3-BF4B-00C04F79EFBC}") = "GrafoNoDirigido", "GrafoNoDirigido\GrafoNoDirigido.csproj", "{8049FC14-9C1F-4292-AFA1-A0E97D397036}"
EndProject
Global
	GlobalSection(SolutionConfigurationPlatforms) = preSolution
		Debug|Any CPU = Debug|Any CPU
		Release|Any CPU = Release|Any CPU
	EndGlobalSection
	GlobalSection(ProjectConfigurationPlatforms) = postSolution
		{8049FC14-9C1F-4292-AFA1-A0E97D397036}.Debug|Any CPU.ActiveCfg = Debug|Any CPU
		{8049FC14-9C1F-4292-AFA1-A0E97D397036}.Debug|Any CPU.Build.0 = Debug|Any CPU
		{8049FC14-9C1F-4292-AFA1-A0E97D397036}.Release|Any CPU.ActiveCfg = Release|Any CPU
		{8049FC14-9C1F-4292-AFA1-A0E97D397036}.Release|Any CPU.Build.0 = Release|Any CPU
	EndGlobalSection
	GlobalSection(SolutionProperties) = preSolution
		HideSolutionNode = FALSE
	EndGlobalSection
	GlobalSection(ExtensibilityGlobals) = postSolution
		SolutionGuid = {325E5624-56B8-4D84-B608-E7A2502FD2DA}
	EndGlobalSection
EndGlobal
